
Microsoft Visual Studio Solution File, Format Version 12.00
# Visual Studio 15
VisualStudioVersion = 15.0.26730.12
MinimumVisualStudioVersion = 10.0.40219.1
Project("{FAE04EC0-301F-11D3-BF4B-00C04F79EFBC}") = "NuPkgSoins", "NuPkgSoins\NuPkgSoins.csproj", "{3A150D26-E792-4721-9C9C-26E9CB229B19}"
EndProject
Global
	GlobalSection(SolutionConfigurationPlatforms) = preSolution
		Debug|Any CPU = Debug|Any CPU
		Release|Any CPU = Release|Any CPU
	EndGlobalSection
	GlobalSection(ProjectConfigurationPlatforms) = postSolution
		{3A150D26-E792-4721-9C9C-26E9CB229B19}.Debug|Any CPU.ActiveCfg = Debug|Any CPU
		{3A150D26-E792-4721-9C9C-26E9CB229B19}.Debug|Any CPU.Build.0 = Debug|Any CPU
		{3A150D26-E792-4721-9C9C-26E9CB229B19}.Release|Any CPU.ActiveCfg = Release|Any CPU
		{3A150D26-E792-4721-9C9C-26E9CB229B19}.Release|Any CPU.Build.0 = Release|Any CPU
	EndGlobalSection
	GlobalSection(SolutionProperties) = preSolution
		HideSolutionNode = FALSE
	EndGlobalSection
	GlobalSection(ExtensibilityGlobals) = postSolution
		SolutionGuid = {55D77BFA-6028-4C9D-83EF-6A18AEA9BE1E}
	EndGlobalSection
EndGlobal
